
Microsoft Visual Studio Solution File, Format Version 12.00
# Visual Studio 2012
Project("{FAE04EC0-301F-11D3-BF4B-00C04F79EFBC}") = "DSNParser", "DSNParser\DSNParser.csproj", "{E0AD56F9-6319-4CBC-A377-77A3E882B7E9}"
EndProject
Project("{FAE04EC0-301F-11D3-BF4B-00C04F79EFBC}") = "Demo", "Demo\Demo.csproj", "{466CDAA4-A17C-409D-A8A2-9E8900EF4F00}"
EndProject
Global
	GlobalSection(SolutionConfigurationPlatforms) = preSolution
		Debug|Any CPU = Debug|Any CPU
		Release|Any CPU = Release|Any CPU
	EndGlobalSection
	GlobalSection(ProjectConfigurationPlatforms) = postSolution
		{E0AD56F9-6319-4CBC-A377-77A3E882B7E9}.Debug|Any CPU.ActiveCfg = Debug|Any CPU
		{E0AD56F9-6319-4CBC-A377-77A3E882B7E9}.Debug|Any CPU.Build.0 = Debug|Any CPU
		{E0AD56F9-6319-4CBC-A377-77A3E882B7E9}.Release|Any CPU.ActiveCfg = Release|Any CPU
		{E0AD56F9-6319-4CBC-A377-77A3E882B7E9}.Release|Any CPU.Build.0 = Release|Any CPU
		{466CDAA4-A17C-409D-A8A2-9E8900EF4F00}.Debug|Any CPU.ActiveCfg = Debug|Any CPU
		{466CDAA4-A17C-409D-A8A2-9E8900EF4F00}.Debug|Any CPU.Build.0 = Debug|Any CPU
		{466CDAA4-A17C-409D-A8A2-9E8900EF4F00}.Release|Any CPU.ActiveCfg = Release|Any CPU
		{466CDAA4-A17C-409D-A8A2-9E8900EF4F00}.Release|Any CPU.Build.0 = Release|Any CPU
	EndGlobalSection
	GlobalSection(SolutionProperties) = preSolution
		HideSolutionNode = FALSE
	EndGlobalSection
EndGlobal
